
Microsoft Visual Studio Solution File, Format Version 12.00
# Visual Studio Version 17
VisualStudioVersion = 17.4.33205.214
MinimumVisualStudioVersion = 10.0.40219.1
Project("{FAE04EC0-301F-11D3-BF4B-00C04F79EFBC}") = "Calculation", "Emeller\Calculation.csproj", "{DDF9CAF8-5B41-4D80-BC08-767526EF6CBD}"
EndProject
Global
	GlobalSection(SolutionConfigurationPlatforms) = preSolution
		Debug|Any CPU = Debug|Any CPU
		Release|Any CPU = Release|Any CPU
	EndGlobalSection
	GlobalSection(ProjectConfigurationPlatforms) = postSolution
		{DDF9CAF8-5B41-4D80-BC08-767526EF6CBD}.Debug|Any CPU.ActiveCfg = Debug|Any CPU
		{DDF9CAF8-5B41-4D80-BC08-767526EF6CBD}.Debug|Any CPU.Build.0 = Debug|Any CPU
		{DDF9CAF8-5B41-4D80-BC08-767526EF6CBD}.Release|Any CPU.ActiveCfg = Release|Any CPU
		{DDF9CAF8-5B41-4D80-BC08-767526EF6CBD}.Release|Any CPU.Build.0 = Release|Any CPU
	EndGlobalSection
	GlobalSection(SolutionProperties) = preSolution
		HideSolutionNode = FALSE
	EndGlobalSection
	GlobalSection(ExtensibilityGlobals) = postSolution
		SolutionGuid = {D891D473-110D-48AC-9656-EFEA7122ED68}
	EndGlobalSection
EndGlobal
